
Microsoft Visual Studio Solution File, Format Version 12.00
# Visual Studio Version 17
VisualStudioVersion = 17.2.32516.85
MinimumVisualStudioVersion = 10.0.40219.1
Project("{FAE04EC0-301F-11D3-BF4B-00C04F79EFBC}") = "ShipIt", "ShipIt.csproj", "{A8282613-4F28-40C7-958A-E7FA83C07F6B}"
EndProject
Global
	GlobalSection(SolutionConfigurationPlatforms) = preSolution
		Debug|Any CPU = Debug|Any CPU
		Release|Any CPU = Release|Any CPU
	EndGlobalSection
	GlobalSection(ProjectConfigurationPlatforms) = postSolution
		{A8282613-4F28-40C7-958A-E7FA83C07F6B}.Debug|Any CPU.ActiveCfg = Debug|Any CPU
		{A8282613-4F28-40C7-958A-E7FA83C07F6B}.Debug|Any CPU.Build.0 = Debug|Any CPU
		{A8282613-4F28-40C7-958A-E7FA83C07F6B}.Release|Any CPU.ActiveCfg = Release|Any CPU
		{A8282613-4F28-40C7-958A-E7FA83C07F6B}.Release|Any CPU.Build.0 = Release|Any CPU
	EndGlobalSection
	GlobalSection(SolutionProperties) = preSolution
		HideSolutionNode = FALSE
	EndGlobalSection
	GlobalSection(ExtensibilityGlobals) = postSolution
		SolutionGuid = {AADCE35E-0992-4B8B-8AB2-EF24EF5F943A}
	EndGlobalSection
EndGlobal
